
Microsoft Visual Studio Solution File, Format Version 11.00
# Visual Studio 2010
Project("{FAE04EC0-301F-11D3-BF4B-00C04F79EFBC}") = "VS2010.T4.WebForm", "VS2010.T4.WebForm\VS2010.T4.WebForm.csproj", "{2276FFAF-64B8-42F1-B84C-45E73182C251}"
EndProject
Global
	GlobalSection(SubversionScc) = preSolution
		Svn-Managed = True
		Manager = AnkhSVN - Subversion Support for Visual Studio
	EndGlobalSection
	GlobalSection(SolutionConfigurationPlatforms) = preSolution
		Debug|Any CPU = Debug|Any CPU
		Release|Any CPU = Release|Any CPU
	EndGlobalSection
	GlobalSection(ProjectConfigurationPlatforms) = postSolution
		{2276FFAF-64B8-42F1-B84C-45E73182C251}.Debug|Any CPU.ActiveCfg = Debug|Any CPU
		{2276FFAF-64B8-42F1-B84C-45E73182C251}.Debug|Any CPU.Build.0 = Debug|Any CPU
		{2276FFAF-64B8-42F1-B84C-45E73182C251}.Release|Any CPU.ActiveCfg = Release|Any CPU
		{2276FFAF-64B8-42F1-B84C-45E73182C251}.Release|Any CPU.Build.0 = Release|Any CPU
	EndGlobalSection
	GlobalSection(SolutionProperties) = preSolution
		HideSolutionNode = FALSE
	EndGlobalSection
EndGlobal
