
Microsoft Visual Studio Solution File, Format Version 10.00
# Visual Studio 2008
Project("{FAE04EC0-301F-11D3-BF4B-00C04F79EFBC}") = "VS2008.WebForm.LocalizeAndGlobalize", "VS2008.WebForm.LocalizeAndGlobalize\VS2008.WebForm.LocalizeAndGlobalize.csproj", "{43245E13-18DA-485C-B6E9-5ACDD2E5D261}"
EndProject
Project("{FAE04EC0-301F-11D3-BF4B-00C04F79EFBC}") = "VS2008.WebForm.Resources", "VS2008.WebForm.Resources\VS2008.WebForm.Resources.csproj", "{8E76DDFA-7505-4B1E-B85A-B88A11B6EBDE}"
EndProject
Global
	GlobalSection(SolutionConfigurationPlatforms) = preSolution
		Debug|Any CPU = Debug|Any CPU
		Release|Any CPU = Release|Any CPU
	EndGlobalSection
	GlobalSection(ProjectConfigurationPlatforms) = postSolution
		{43245E13-18DA-485C-B6E9-5ACDD2E5D261}.Debug|Any CPU.ActiveCfg = Debug|Any CPU
		{43245E13-18DA-485C-B6E9-5ACDD2E5D261}.Debug|Any CPU.Build.0 = Debug|Any CPU
		{43245E13-18DA-485C-B6E9-5ACDD2E5D261}.Release|Any CPU.ActiveCfg = Release|Any CPU
		{43245E13-18DA-485C-B6E9-5ACDD2E5D261}.Release|Any CPU.Build.0 = Release|Any CPU
		{8E76DDFA-7505-4B1E-B85A-B88A11B6EBDE}.Debug|Any CPU.ActiveCfg = Debug|Any CPU
		{8E76DDFA-7505-4B1E-B85A-B88A11B6EBDE}.Debug|Any CPU.Build.0 = Debug|Any CPU
		{8E76DDFA-7505-4B1E-B85A-B88A11B6EBDE}.Release|Any CPU.ActiveCfg = Release|Any CPU
		{8E76DDFA-7505-4B1E-B85A-B88A11B6EBDE}.Release|Any CPU.Build.0 = Release|Any CPU
	EndGlobalSection
	GlobalSection(SolutionProperties) = preSolution
		HideSolutionNode = FALSE
	EndGlobalSection
EndGlobal
