
Microsoft Visual Studio Solution File, Format Version 11.00
# Visual Studio 2010
Project("{FAE04EC0-301F-11D3-BF4B-00C04F79EFBC}") = "vs2010.consoleApp.demo", "vs2010.consoleApp.demo\vs2010.consoleApp.demo.csproj", "{F708B069-7CF2-47F7-9CFA-3BAAF1AFA4B0}"
EndProject
Global
	GlobalSection(SolutionConfigurationPlatforms) = preSolution
		Debug|x86 = Debug|x86
		Release|x86 = Release|x86
	EndGlobalSection
	GlobalSection(ProjectConfigurationPlatforms) = postSolution
		{F708B069-7CF2-47F7-9CFA-3BAAF1AFA4B0}.Debug|x86.ActiveCfg = Debug|x86
		{F708B069-7CF2-47F7-9CFA-3BAAF1AFA4B0}.Debug|x86.Build.0 = Debug|x86
		{F708B069-7CF2-47F7-9CFA-3BAAF1AFA4B0}.Release|x86.ActiveCfg = Release|x86
		{F708B069-7CF2-47F7-9CFA-3BAAF1AFA4B0}.Release|x86.Build.0 = Release|x86
	EndGlobalSection
	GlobalSection(SolutionProperties) = preSolution
		HideSolutionNode = FALSE
	EndGlobalSection
EndGlobal
