
Microsoft Visual Studio Solution File, Format Version 10.00
# Visual Studio 2008
Project("{FAE04EC0-301F-11D3-BF4B-00C04F79EFBC}") = "VS2008.WebForm.HealthMonitoring", "VS2008.WebForm.HealthMonitoring\VS2008.WebForm.HealthMonitoring.csproj", "{AFF6AE65-ADBE-4933-8577-44DEA9E5D37F}"
EndProject
Global
	GlobalSection(SolutionConfigurationPlatforms) = preSolution
		Debug|Any CPU = Debug|Any CPU
		Release|Any CPU = Release|Any CPU
	EndGlobalSection
	GlobalSection(ProjectConfigurationPlatforms) = postSolution
		{AFF6AE65-ADBE-4933-8577-44DEA9E5D37F}.Debug|Any CPU.ActiveCfg = Debug|Any CPU
		{AFF6AE65-ADBE-4933-8577-44DEA9E5D37F}.Debug|Any CPU.Build.0 = Debug|Any CPU
		{AFF6AE65-ADBE-4933-8577-44DEA9E5D37F}.Release|Any CPU.ActiveCfg = Release|Any CPU
		{AFF6AE65-ADBE-4933-8577-44DEA9E5D37F}.Release|Any CPU.Build.0 = Release|Any CPU
	EndGlobalSection
	GlobalSection(SolutionProperties) = preSolution
		HideSolutionNode = FALSE
	EndGlobalSection
EndGlobal
