
Microsoft Visual Studio Solution File, Format Version 11.00
# Visual Studio 2010
Project("{FAE04EC0-301F-11D3-BF4B-00C04F79EFBC}") = "LinqToSqlExtensions", "LinqToSqlExtensions.csproj", "{D403ED27-8ECC-44F9-AA38-0EFCF1DEF554}"
EndProject
Global
	GlobalSection(SolutionConfigurationPlatforms) = preSolution
		Debug|Any CPU = Debug|Any CPU
		Release|Any CPU = Release|Any CPU
	EndGlobalSection
	GlobalSection(ProjectConfigurationPlatforms) = postSolution
		{D403ED27-8ECC-44F9-AA38-0EFCF1DEF554}.Debug|Any CPU.ActiveCfg = Debug|Any CPU
		{D403ED27-8ECC-44F9-AA38-0EFCF1DEF554}.Debug|Any CPU.Build.0 = Debug|Any CPU
		{D403ED27-8ECC-44F9-AA38-0EFCF1DEF554}.Release|Any CPU.ActiveCfg = Release|Any CPU
		{D403ED27-8ECC-44F9-AA38-0EFCF1DEF554}.Release|Any CPU.Build.0 = Release|Any CPU
	EndGlobalSection
	GlobalSection(SolutionProperties) = preSolution
		HideSolutionNode = FALSE
	EndGlobalSection
EndGlobal
