
Microsoft Visual Studio Solution File, Format Version 11.00
# Visual Studio 2010
Project("{FAE04EC0-301F-11D3-BF4B-00C04F79EFBC}") = "VS2010.ConsoleApp.Test", "VS2010.ConsoleApp.Test\VS2010.ConsoleApp.Test.csproj", "{FA66376A-63C9-4E67-B411-446C666C51DC}"
EndProject
Project("{FAE04EC0-301F-11D3-BF4B-00C04F79EFBC}") = "VS2010.ConsoleApp.TestLibrary", "VS2010.ConsoleApp.TestLibrary\VS2010.ConsoleApp.TestLibrary.csproj", "{92C7B29E-8157-44B4-9B14-E3D3135C9FA3}"
EndProject
Project("{FAE04EC0-301F-11D3-BF4B-00C04F79EFBC}") = "VS2010.ConsoleApp.ConfigurationTest", "VS2010.ConsoleApp.ConfigurationTest\VS2010.ConsoleApp.ConfigurationTest.csproj", "{E393D371-9275-4322-86DF-30CE5133B953}"
EndProject
Project("{FAE04EC0-301F-11D3-BF4B-00C04F79EFBC}") = "VS2010.ConsoleApp.ReaderWriterLockSlimTest", "VS2010.ConsoleApp.ReaderWriterLockSlimTest\VS2010.ConsoleApp.ReaderWriterLockSlimTest.csproj", "{9E1995E6-8185-4991-9584-4E2D4AB42E5A}"
EndProject
Global
	GlobalSection(SubversionScc) = preSolution
		Svn-Managed = True
		Manager = AnkhSVN - Subversion Support for Visual Studio
	EndGlobalSection
	GlobalSection(SolutionConfigurationPlatforms) = preSolution
		Debug|Any CPU = Debug|Any CPU
		Debug|Mixed Platforms = Debug|Mixed Platforms
		Debug|x86 = Debug|x86
		Release|Any CPU = Release|Any CPU
		Release|Mixed Platforms = Release|Mixed Platforms
		Release|x86 = Release|x86
	EndGlobalSection
	GlobalSection(ProjectConfigurationPlatforms) = postSolution
		{FA66376A-63C9-4E67-B411-446C666C51DC}.Debug|Any CPU.ActiveCfg = Debug|x86
		{FA66376A-63C9-4E67-B411-446C666C51DC}.Debug|Mixed Platforms.ActiveCfg = Debug|x86
		{FA66376A-63C9-4E67-B411-446C666C51DC}.Debug|Mixed Platforms.Build.0 = Debug|x86
		{FA66376A-63C9-4E67-B411-446C666C51DC}.Debug|x86.ActiveCfg = Debug|x86
		{FA66376A-63C9-4E67-B411-446C666C51DC}.Debug|x86.Build.0 = Debug|x86
		{FA66376A-63C9-4E67-B411-446C666C51DC}.Release|Any CPU.ActiveCfg = Release|x86
		{FA66376A-63C9-4E67-B411-446C666C51DC}.Release|Mixed Platforms.ActiveCfg = Release|x86
		{FA66376A-63C9-4E67-B411-446C666C51DC}.Release|Mixed Platforms.Build.0 = Release|x86
		{FA66376A-63C9-4E67-B411-446C666C51DC}.Release|x86.ActiveCfg = Release|x86
		{FA66376A-63C9-4E67-B411-446C666C51DC}.Release|x86.Build.0 = Release|x86
		{92C7B29E-8157-44B4-9B14-E3D3135C9FA3}.Debug|Any CPU.ActiveCfg = Debug|Any CPU
		{92C7B29E-8157-44B4-9B14-E3D3135C9FA3}.Debug|Any CPU.Build.0 = Debug|Any CPU
		{92C7B29E-8157-44B4-9B14-E3D3135C9FA3}.Debug|Mixed Platforms.ActiveCfg = Debug|Any CPU
		{92C7B29E-8157-44B4-9B14-E3D3135C9FA3}.Debug|Mixed Platforms.Build.0 = Debug|Any CPU
		{92C7B29E-8157-44B4-9B14-E3D3135C9FA3}.Debug|x86.ActiveCfg = Debug|Any CPU
		{92C7B29E-8157-44B4-9B14-E3D3135C9FA3}.Release|Any CPU.ActiveCfg = Release|Any CPU
		{92C7B29E-8157-44B4-9B14-E3D3135C9FA3}.Release|Any CPU.Build.0 = Release|Any CPU
		{92C7B29E-8157-44B4-9B14-E3D3135C9FA3}.Release|Mixed Platforms.ActiveCfg = Release|Any CPU
		{92C7B29E-8157-44B4-9B14-E3D3135C9FA3}.Release|Mixed Platforms.Build.0 = Release|Any CPU
		{92C7B29E-8157-44B4-9B14-E3D3135C9FA3}.Release|x86.ActiveCfg = Release|Any CPU
		{E393D371-9275-4322-86DF-30CE5133B953}.Debug|Any CPU.ActiveCfg = Debug|x86
		{E393D371-9275-4322-86DF-30CE5133B953}.Debug|Mixed Platforms.ActiveCfg = Debug|x86
		{E393D371-9275-4322-86DF-30CE5133B953}.Debug|Mixed Platforms.Build.0 = Debug|x86
		{E393D371-9275-4322-86DF-30CE5133B953}.Debug|x86.ActiveCfg = Debug|x86
		{E393D371-9275-4322-86DF-30CE5133B953}.Debug|x86.Build.0 = Debug|x86
		{E393D371-9275-4322-86DF-30CE5133B953}.Release|Any CPU.ActiveCfg = Release|x86
		{E393D371-9275-4322-86DF-30CE5133B953}.Release|Mixed Platforms.ActiveCfg = Release|x86
		{E393D371-9275-4322-86DF-30CE5133B953}.Release|Mixed Platforms.Build.0 = Release|x86
		{E393D371-9275-4322-86DF-30CE5133B953}.Release|x86.ActiveCfg = Release|x86
		{E393D371-9275-4322-86DF-30CE5133B953}.Release|x86.Build.0 = Release|x86
		{9E1995E6-8185-4991-9584-4E2D4AB42E5A}.Debug|Any CPU.ActiveCfg = Debug|x86
		{9E1995E6-8185-4991-9584-4E2D4AB42E5A}.Debug|Mixed Platforms.ActiveCfg = Debug|x86
		{9E1995E6-8185-4991-9584-4E2D4AB42E5A}.Debug|Mixed Platforms.Build.0 = Debug|x86
		{9E1995E6-8185-4991-9584-4E2D4AB42E5A}.Debug|x86.ActiveCfg = Debug|x86
		{9E1995E6-8185-4991-9584-4E2D4AB42E5A}.Debug|x86.Build.0 = Debug|x86
		{9E1995E6-8185-4991-9584-4E2D4AB42E5A}.Release|Any CPU.ActiveCfg = Release|x86
		{9E1995E6-8185-4991-9584-4E2D4AB42E5A}.Release|Mixed Platforms.ActiveCfg = Release|x86
		{9E1995E6-8185-4991-9584-4E2D4AB42E5A}.Release|Mixed Platforms.Build.0 = Release|x86
		{9E1995E6-8185-4991-9584-4E2D4AB42E5A}.Release|x86.ActiveCfg = Release|x86
		{9E1995E6-8185-4991-9584-4E2D4AB42E5A}.Release|x86.Build.0 = Release|x86
	EndGlobalSection
	GlobalSection(SolutionProperties) = preSolution
		HideSolutionNode = FALSE
	EndGlobalSection
EndGlobal
