
Microsoft Visual Studio Solution File, Format Version 10.00
# Visual Studio 2008
Project("{FAE04EC0-301F-11D3-BF4B-00C04F79EFBC}") = "WebApplication1", "WebApplication1\WebApplication1.csproj", "{C904584B-C026-4ECD-BAA5-F48A37009AFE}"
EndProject
Project("{FAE04EC0-301F-11D3-BF4B-00C04F79EFBC}") = "WebCustomControl", "WebCustomControl\WebCustomControl.csproj", "{91ECE830-9ADD-4CE5-9AD2-D46C6820BCB5}"
EndProject
Project("{FAE04EC0-301F-11D3-BF4B-00C04F79EFBC}") = "KingControls", "..\..\编程资料\书籍和源代码\Asp.net\纵向切入ASP_NET服务器控件与组件开发 疱丁解牛\ControlExample\VS 2008\Controls\KingControls.csproj", "{360604C2-EF3D-4E67-A387-F65AAAD1EBBF}"
EndProject
Global
	GlobalSection(SolutionConfigurationPlatforms) = preSolution
		Debug|Any CPU = Debug|Any CPU
		Release|Any CPU = Release|Any CPU
	EndGlobalSection
	GlobalSection(ProjectConfigurationPlatforms) = postSolution
		{C904584B-C026-4ECD-BAA5-F48A37009AFE}.Debug|Any CPU.ActiveCfg = Debug|Any CPU
		{C904584B-C026-4ECD-BAA5-F48A37009AFE}.Debug|Any CPU.Build.0 = Debug|Any CPU
		{C904584B-C026-4ECD-BAA5-F48A37009AFE}.Release|Any CPU.ActiveCfg = Release|Any CPU
		{C904584B-C026-4ECD-BAA5-F48A37009AFE}.Release|Any CPU.Build.0 = Release|Any CPU
		{91ECE830-9ADD-4CE5-9AD2-D46C6820BCB5}.Debug|Any CPU.ActiveCfg = Debug|Any CPU
		{91ECE830-9ADD-4CE5-9AD2-D46C6820BCB5}.Debug|Any CPU.Build.0 = Debug|Any CPU
		{91ECE830-9ADD-4CE5-9AD2-D46C6820BCB5}.Release|Any CPU.ActiveCfg = Release|Any CPU
		{91ECE830-9ADD-4CE5-9AD2-D46C6820BCB5}.Release|Any CPU.Build.0 = Release|Any CPU
		{360604C2-EF3D-4E67-A387-F65AAAD1EBBF}.Debug|Any CPU.ActiveCfg = Debug|Any CPU
		{360604C2-EF3D-4E67-A387-F65AAAD1EBBF}.Debug|Any CPU.Build.0 = Debug|Any CPU
		{360604C2-EF3D-4E67-A387-F65AAAD1EBBF}.Release|Any CPU.ActiveCfg = Release|Any CPU
		{360604C2-EF3D-4E67-A387-F65AAAD1EBBF}.Release|Any CPU.Build.0 = Release|Any CPU
	EndGlobalSection
	GlobalSection(SolutionProperties) = preSolution
		HideSolutionNode = FALSE
	EndGlobalSection
EndGlobal
