
Microsoft Visual Studio Solution File, Format Version 12.00
# Visual Studio 2012
Project("{FAE04EC0-301F-11D3-BF4B-00C04F79EFBC}") = "VS2012.Winform.DotRasTest", "VS2012.Winform.DotRasTest\VS2012.Winform.DotRasTest.csproj", "{348CFAC0-65FD-450F-B412-E7B25F5C7CC4}"
EndProject
Global
	GlobalSection(SubversionScc) = preSolution
		Svn-Managed = True
		Manager = AnkhSVN - Subversion Support for Visual Studio
	EndGlobalSection
	GlobalSection(SolutionConfigurationPlatforms) = preSolution
		Debug|Any CPU = Debug|Any CPU
		Release|Any CPU = Release|Any CPU
	EndGlobalSection
	GlobalSection(ProjectConfigurationPlatforms) = postSolution
		{348CFAC0-65FD-450F-B412-E7B25F5C7CC4}.Debug|Any CPU.ActiveCfg = Debug|Any CPU
		{348CFAC0-65FD-450F-B412-E7B25F5C7CC4}.Debug|Any CPU.Build.0 = Debug|Any CPU
		{348CFAC0-65FD-450F-B412-E7B25F5C7CC4}.Release|Any CPU.ActiveCfg = Release|Any CPU
		{348CFAC0-65FD-450F-B412-E7B25F5C7CC4}.Release|Any CPU.Build.0 = Release|Any CPU
	EndGlobalSection
	GlobalSection(SolutionProperties) = preSolution
		HideSolutionNode = FALSE
	EndGlobalSection
EndGlobal
