
Microsoft Visual Studio Solution File, Format Version 11.00
# Visual Studio 2010
Project("{FAE04EC0-301F-11D3-BF4B-00C04F79EFBC}") = "VS2010.SilverlightApp.Test", "VS2010.SilverlightApp.Test\VS2010.SilverlightApp.Test.csproj", "{645CE2DC-D5C3-4F89-B35E-0FD37302E2C8}"
EndProject
Project("{FAE04EC0-301F-11D3-BF4B-00C04F79EFBC}") = "VS2010.SilverlightApp.Test.Web", "VS2010.SilverlightApp.Test.Web\VS2010.SilverlightApp.Test.Web.csproj", "{2A21D347-561F-47D8-A231-8C1FF82E9132}"
EndProject
Global
	GlobalSection(SolutionConfigurationPlatforms) = preSolution
		Debug|Any CPU = Debug|Any CPU
		Release|Any CPU = Release|Any CPU
	EndGlobalSection
	GlobalSection(ProjectConfigurationPlatforms) = postSolution
		{645CE2DC-D5C3-4F89-B35E-0FD37302E2C8}.Debug|Any CPU.ActiveCfg = Debug|Any CPU
		{645CE2DC-D5C3-4F89-B35E-0FD37302E2C8}.Debug|Any CPU.Build.0 = Debug|Any CPU
		{645CE2DC-D5C3-4F89-B35E-0FD37302E2C8}.Release|Any CPU.ActiveCfg = Release|Any CPU
		{645CE2DC-D5C3-4F89-B35E-0FD37302E2C8}.Release|Any CPU.Build.0 = Release|Any CPU
		{2A21D347-561F-47D8-A231-8C1FF82E9132}.Debug|Any CPU.ActiveCfg = Debug|Any CPU
		{2A21D347-561F-47D8-A231-8C1FF82E9132}.Debug|Any CPU.Build.0 = Debug|Any CPU
		{2A21D347-561F-47D8-A231-8C1FF82E9132}.Release|Any CPU.ActiveCfg = Release|Any CPU
		{2A21D347-561F-47D8-A231-8C1FF82E9132}.Release|Any CPU.Build.0 = Release|Any CPU
	EndGlobalSection
	GlobalSection(SolutionProperties) = preSolution
		HideSolutionNode = FALSE
	EndGlobalSection
EndGlobal
