
Microsoft Visual Studio Solution File, Format Version 10.00
# Visual Studio 2008
Project("{E24C65DC-7377-472B-9ABA-BC803B73C61A}") = "Web", "Web\", "{4D6172E2-668D-49EA-965A-81C3B9786AC3}"
	ProjectSection(WebsiteProperties) = preProject
		SccProjectName = "Svn"
		SccAuxPath = "Svn"
		SccLocalPath = "Svn"
		SccProvider = "SubversionScc"
		TargetFramework = "3.5"
		ProjectReferences = "{42E2B7CD-44C8-401F-8D24-E2B6F22A575E}|EntityBuildProvider.dll;"
		Debug.AspNetCompiler.VirtualPath = "/Web"
		Debug.AspNetCompiler.PhysicalPath = "Web\"
		Debug.AspNetCompiler.TargetPath = "PrecompiledWeb\Web\"
		Debug.AspNetCompiler.Updateable = "false"
		Debug.AspNetCompiler.ForceOverwrite = "true"
		Debug.AspNetCompiler.FixedNames = "false"
		Debug.AspNetCompiler.Debug = "True"
		Release.AspNetCompiler.VirtualPath = "/Web"
		Release.AspNetCompiler.PhysicalPath = "Web\"
		Release.AspNetCompiler.TargetPath = "PrecompiledWeb\Web\"
		Release.AspNetCompiler.Updateable = "false"
		Release.AspNetCompiler.ForceOverwrite = "true"
		Release.AspNetCompiler.FixedNames = "false"
		Release.AspNetCompiler.Debug = "False"
		VWDPort = "32040"
		DefaultWebSiteLanguage = "Visual Basic"
	EndProjectSection
EndProject
Project("{FAE04EC0-301F-11D3-BF4B-00C04F79EFBC}") = "EntityBuildProvider", "EntityBuildProvider\EntityBuildProvider.csproj", "{42E2B7CD-44C8-401F-8D24-E2B6F22A575E}"
EndProject
Global
	GlobalSection(SolutionConfigurationPlatforms) = preSolution
		Debug|Any CPU = Debug|Any CPU
		Release|Any CPU = Release|Any CPU
	EndGlobalSection
	GlobalSection(ProjectConfigurationPlatforms) = postSolution
		{4D6172E2-668D-49EA-965A-81C3B9786AC3}.Debug|Any CPU.ActiveCfg = Debug|Any CPU
		{4D6172E2-668D-49EA-965A-81C3B9786AC3}.Debug|Any CPU.Build.0 = Debug|Any CPU
		{4D6172E2-668D-49EA-965A-81C3B9786AC3}.Release|Any CPU.ActiveCfg = Debug|Any CPU
		{4D6172E2-668D-49EA-965A-81C3B9786AC3}.Release|Any CPU.Build.0 = Debug|Any CPU
		{42E2B7CD-44C8-401F-8D24-E2B6F22A575E}.Debug|Any CPU.ActiveCfg = Debug|Any CPU
		{42E2B7CD-44C8-401F-8D24-E2B6F22A575E}.Debug|Any CPU.Build.0 = Debug|Any CPU
		{42E2B7CD-44C8-401F-8D24-E2B6F22A575E}.Release|Any CPU.ActiveCfg = Release|Any CPU
		{42E2B7CD-44C8-401F-8D24-E2B6F22A575E}.Release|Any CPU.Build.0 = Release|Any CPU
	EndGlobalSection
	GlobalSection(SolutionProperties) = preSolution
		HideSolutionNode = FALSE
	EndGlobalSection
EndGlobal
