
Microsoft Visual Studio Solution File, Format Version 10.00
# Visual Studio 2008
Project("{FAE04EC0-301F-11D3-BF4B-00C04F79EFBC}") = "VS2008.ConsoleApp.Test", "VS2008.ConsoleApp.Test\VS2008.ConsoleApp.Test.csproj", "{BDE5B4D1-A32E-4E11-A039-72063FECB01E}"
EndProject
Global
	GlobalSection(SolutionConfigurationPlatforms) = preSolution
		Debug|Any CPU = Debug|Any CPU
		Release|Any CPU = Release|Any CPU
	EndGlobalSection
	GlobalSection(ProjectConfigurationPlatforms) = postSolution
		{BDE5B4D1-A32E-4E11-A039-72063FECB01E}.Debug|Any CPU.ActiveCfg = Debug|Any CPU
		{BDE5B4D1-A32E-4E11-A039-72063FECB01E}.Debug|Any CPU.Build.0 = Debug|Any CPU
		{BDE5B4D1-A32E-4E11-A039-72063FECB01E}.Release|Any CPU.ActiveCfg = Release|Any CPU
		{BDE5B4D1-A32E-4E11-A039-72063FECB01E}.Release|Any CPU.Build.0 = Release|Any CPU
	EndGlobalSection
	GlobalSection(SolutionProperties) = preSolution
		HideSolutionNode = FALSE
	EndGlobalSection
EndGlobal
