
Microsoft Visual Studio Solution File, Format Version 10.00
# Visual Studio 2008
Project("{FAE04EC0-301F-11D3-BF4B-00C04F79EFBC}") = "VS2008.WebForm.CustomExpressionBuilder", "VS2008.WebForm.CustomExpressionBuilder\VS2008.WebForm.CustomExpressionBuilder.csproj", "{701CA2E5-E39B-43F4-8D67-A20F47598127}"
EndProject
Global
	GlobalSection(SolutionConfigurationPlatforms) = preSolution
		Debug|Any CPU = Debug|Any CPU
		Release|Any CPU = Release|Any CPU
	EndGlobalSection
	GlobalSection(ProjectConfigurationPlatforms) = postSolution
		{701CA2E5-E39B-43F4-8D67-A20F47598127}.Debug|Any CPU.ActiveCfg = Debug|Any CPU
		{701CA2E5-E39B-43F4-8D67-A20F47598127}.Debug|Any CPU.Build.0 = Debug|Any CPU
		{701CA2E5-E39B-43F4-8D67-A20F47598127}.Release|Any CPU.ActiveCfg = Release|Any CPU
		{701CA2E5-E39B-43F4-8D67-A20F47598127}.Release|Any CPU.Build.0 = Release|Any CPU
	EndGlobalSection
	GlobalSection(SolutionProperties) = preSolution
		HideSolutionNode = FALSE
	EndGlobalSection
EndGlobal
